{
  "name": "LYMPHAonline",
  "version": "1",
  "lockfileVersion": 1,
  "requires": true,
  "dependencies": {
    "transcrypt": {
      "version": "3.6.82",
      "resolved": "https://registry.npmjs.org/transcrypt/-/transcrypt-3.6.82.tgz",
      "integrity": "sha1-9aHb5bpCH7tvIFG/Kk0Hk/YiFso="
    }
  }
}
